
Microsoft Visual Studio Solution File, Format Version 12.00
# Visual Studio Version 16
VisualStudioVersion = 16.0.29102.190
MinimumVisualStudioVersion = 10.0.40219.1
Project("{9A19103F-16F7-4668-BE54-9A1E7A4F7556}") = "BookstoreChallenge.Repository", "BookstoreChallenge.Repository\BookstoreChallenge.Repository.csproj", "{AB3979A8-CB70-45F3-88BE-2A540D861623}"
EndProject
Project("{9A19103F-16F7-4668-BE54-9A1E7A4F7556}") = "BookstoreChallenge.Domain", "BookstoreChallenge.Domain\BookstoreChallenge.Domain.csproj", "{53D450FC-AE62-4550-A9A6-F2997E7C57A9}"
EndProject
Project("{9A19103F-16F7-4668-BE54-9A1E7A4F7556}") = "BookstoreChallenge.Business", "BookstoreChallenge.Business\BookstoreChallenge.Business.csproj", "{E0FD26F3-027E-40DA-BF33-BF46BA4A8CF4}"
EndProject
Project("{9A19103F-16F7-4668-BE54-9A1E7A4F7556}") = "BookstoreChallenge.Service", "BookstoreChallenge.Service\BookstoreChallenge.Service.csproj", "{652A650D-E631-4AB2-A75F-E507E4C503BF}"
EndProject
Project("{9A19103F-16F7-4668-BE54-9A1E7A4F7556}") = "BookstoreChallenge.Api", "BookstoreChallenge.Api\BookstoreChallenge.Api.csproj", "{E905CC26-3692-432F-B199-589CF1250223}"
EndProject
Project("{FAE04EC0-301F-11D3-BF4B-00C04F79EFBC}") = "BookstoreChallenge.Api.Test", "BookstoreChallenge.Api.Test\BookstoreChallenge.Api.Test.csproj", "{7F7C4C35-6EEE-43D5-9F15-48392AD7E26B}"
EndProject
Project("{FAE04EC0-301F-11D3-BF4B-00C04F79EFBC}") = "BookstoreChallenge.Util", "BookstoreChallenge.Util\BookstoreChallenge.Util.csproj", "{1BAE5D7C-2A9E-4C81-884D-DA4FDB1E643C}"
EndProject
Global
	GlobalSection(SolutionConfigurationPlatforms) = preSolution
		Debug|Any CPU = Debug|Any CPU
		Release|Any CPU = Release|Any CPU
	EndGlobalSection
	GlobalSection(ProjectConfigurationPlatforms) = postSolution
		{AB3979A8-CB70-45F3-88BE-2A540D861623}.Debug|Any CPU.ActiveCfg = Debug|Any CPU
		{AB3979A8-CB70-45F3-88BE-2A540D861623}.Debug|Any CPU.Build.0 = Debug|Any CPU
		{AB3979A8-CB70-45F3-88BE-2A540D861623}.Release|Any CPU.ActiveCfg = Release|Any CPU
		{AB3979A8-CB70-45F3-88BE-2A540D861623}.Release|Any CPU.Build.0 = Release|Any CPU
		{53D450FC-AE62-4550-A9A6-F2997E7C57A9}.Debug|Any CPU.ActiveCfg = Debug|Any CPU
		{53D450FC-AE62-4550-A9A6-F2997E7C57A9}.Debug|Any CPU.Build.0 = Debug|Any CPU
		{53D450FC-AE62-4550-A9A6-F2997E7C57A9}.Release|Any CPU.ActiveCfg = Release|Any CPU
		{53D450FC-AE62-4550-A9A6-F2997E7C57A9}.Release|Any CPU.Build.0 = Release|Any CPU
		{E0FD26F3-027E-40DA-BF33-BF46BA4A8CF4}.Debug|Any CPU.ActiveCfg = Debug|Any CPU
		{E0FD26F3-027E-40DA-BF33-BF46BA4A8CF4}.Debug|Any CPU.Build.0 = Debug|Any CPU
		{E0FD26F3-027E-40DA-BF33-BF46BA4A8CF4}.Release|Any CPU.ActiveCfg = Release|Any CPU
		{E0FD26F3-027E-40DA-BF33-BF46BA4A8CF4}.Release|Any CPU.Build.0 = Release|Any CPU
		{652A650D-E631-4AB2-A75F-E507E4C503BF}.Debug|Any CPU.ActiveCfg = Debug|Any CPU
		{652A650D-E631-4AB2-A75F-E507E4C503BF}.Debug|Any CPU.Build.0 = Debug|Any CPU
		{652A650D-E631-4AB2-A75F-E507E4C503BF}.Release|Any CPU.ActiveCfg = Release|Any CPU
		{652A650D-E631-4AB2-A75F-E507E4C503BF}.Release|Any CPU.Build.0 = Release|Any CPU
		{E905CC26-3692-432F-B199-589CF1250223}.Debug|Any CPU.ActiveCfg = Debug|Any CPU
		{E905CC26-3692-432F-B199-589CF1250223}.Debug|Any CPU.Build.0 = Debug|Any CPU
		{E905CC26-3692-432F-B199-589CF1250223}.Release|Any CPU.ActiveCfg = Release|Any CPU
		{E905CC26-3692-432F-B199-589CF1250223}.Release|Any CPU.Build.0 = Release|Any CPU
		{7F7C4C35-6EEE-43D5-9F15-48392AD7E26B}.Debug|Any CPU.ActiveCfg = Debug|Any CPU
		{7F7C4C35-6EEE-43D5-9F15-48392AD7E26B}.Debug|Any CPU.Build.0 = Debug|Any CPU
		{7F7C4C35-6EEE-43D5-9F15-48392AD7E26B}.Release|Any CPU.ActiveCfg = Release|Any CPU
		{7F7C4C35-6EEE-43D5-9F15-48392AD7E26B}.Release|Any CPU.Build.0 = Release|Any CPU
		{1BAE5D7C-2A9E-4C81-884D-DA4FDB1E643C}.Debug|Any CPU.ActiveCfg = Debug|Any CPU
		{1BAE5D7C-2A9E-4C81-884D-DA4FDB1E643C}.Debug|Any CPU.Build.0 = Debug|Any CPU
		{1BAE5D7C-2A9E-4C81-884D-DA4FDB1E643C}.Release|Any CPU.ActiveCfg = Release|Any CPU
		{1BAE5D7C-2A9E-4C81-884D-DA4FDB1E643C}.Release|Any CPU.Build.0 = Release|Any CPU
	EndGlobalSection
	GlobalSection(SolutionProperties) = preSolution
		HideSolutionNode = FALSE
	EndGlobalSection
	GlobalSection(ExtensibilityGlobals) = postSolution
		SolutionGuid = {2CDBE96F-896A-4550-9253-8A1D368F76EB}
	EndGlobalSection
EndGlobal
